<?xml version="1.0" encoding="utf-8"?>
<Project ToolsVersion="4.0" xmlns="http://schemas.microsoft.com/developer/msbuild/2003">
  <ItemGroup>
    <Filter Include="Source Files">
      <UniqueIdentifier>{4FC737F1-C7A5-4376-A066-2A32D752A2FF}</UniqueIdentifier>
      <Extensions>cpp;c;cc;cxx;c++;cppm;ixx;def;odl;idl;hpj;bat;asm;asmx</Extensions>
    </Filter>
    <Filter Include="Header Files">
      <UniqueIdentifier>{93995380-89BD-4b04-88EB-625FBE52EBFB}</UniqueIdentifier>
      <Extensions>h;hh;hpp;hxx;h++;hm;inl;inc;ipp;xsd</Extensions>
    </Filter>
    <Filter Include="Resource Files">
      <UniqueIdentifier>{67DA6AB6-F800-4c08-8B7A-83BB121AAD01}</UniqueIdentifier>
      <Extensions>rc;ico;cur;bmp;dlg;rc2;rct;bin;rgs;gif;jpg;jpeg;jpe;resx;tiff;tif;png;wav;mfcribbon-ms</Extensions>
    </Filter>
    <Filter Include="Shaders">
      <UniqueIdentifier>{ba6b6188-88e0-4801-874f-41050e105bbd}</UniqueIdentifier>
    </Filter>
  </ItemGroup>
  <ItemGroup>
    <ClCompile Include="source\vulkan-renderer.cpp">
      <Filter>Source Files</Filter>
    </ClCompile>
    <ClCompile Include="source\renderpass.cpp">
      <Filter>Source Files</Filter>
    </ClCompile>
    <ClCompile Include="source\renderpipeline.cpp">
      <Filter>Source Files</Filter>
    </ClCompile>
    <ClCompile Include="source\swapchain.cpp">
      <Filter>Source Files</Filter>
    </ClCompile>
    <ClCompile Include="source\shadermodule.cpp">
      <Filter>Source Files</Filter>
    </ClCompile>
    <ClCompile Include="source\instance.cpp">
      <Filter>Source Files</Filter>
    </ClCompile>
    <ClCompile Include="source\device.cpp">
      <Filter>Source Files</Filter>
    </ClCompile>
    <ClCompile Include="source\commandbuffer.cpp">
      <Filter>Source Files</Filter>
    </ClCompile>
    <ClCompile Include="source\physicaldevice.cpp">
      <Filter>Source Files</Filter>
    </ClCompile>
    <ClCompile Include="source\framebuffer.cpp">
      <Filter>Source Files</Filter>
    </ClCompile>
    <ClCompile Include="source\commandpool.cpp">
      <Filter>Source Files</Filter>
    </ClCompile>
    <ClCompile Include="source\queue.cpp">
      <Filter>Source Files</Filter>
    </ClCompile>
    <ClCompile Include="source\cube.cpp">
      <Filter>Source Files</Filter>
    </ClCompile>
    <ClCompile Include="source\math.cpp">
      <Filter>Source Files</Filter>
    </ClCompile>
    <ClCompile Include="source\buffer.cpp">
      <Filter>Source Files</Filter>
    </ClCompile>
    <ClCompile Include="external\tinygltf\tiny_gltf_v3.c">
      <Filter>Source Files</Filter>
    </ClCompile>
    <ClCompile Include="source\model.cpp">
      <Filter>Source Files</Filter>
    </ClCompile>
  </ItemGroup>
  <ItemGroup>
    <ClInclude Include="source\renderpass.h">
      <Filter>Header Files</Filter>
    </ClInclude>
    <ClInclude Include="source\renderpipeline.h">
      <Filter>Header Files</Filter>
    </ClInclude>
    <ClInclude Include="source\swapchain.h">
      <Filter>Header Files</Filter>
    </ClInclude>
    <ClInclude Include="source\utils.h">
      <Filter>Header Files</Filter>
    </ClInclude>
    <ClInclude Include="source\shadermodule.h">
      <Filter>Header Files</Filter>
    </ClInclude>
    <ClInclude Include="source\device.h">
      <Filter>Header Files</Filter>
    </ClInclude>
    <ClInclude Include="source\instance.h">
      <Filter>Header Files</Filter>
    </ClInclude>
    <ClInclude Include="source\commandbuffer.h">
      <Filter>Header Files</Filter>
    </ClInclude>
    <ClInclude Include="source\physicaldevice.h">
      <Filter>Header Files</Filter>
    </ClInclude>
    <ClInclude Include="source\framebuffer.h">
      <Filter>Header Files</Filter>
    </ClInclude>
    <ClInclude Include="source\commandpool.h">
      <Filter>Header Files</Filter>
    </ClInclude>
    <ClInclude Include="source\queue.h">
      <Filter>Header Files</Filter>
    </ClInclude>
    <ClInclude Include="source\cube.h">
      <Filter>Header Files</Filter>
    </ClInclude>
    <ClInclude Include="source\math.h">
      <Filter>Header Files</Filter>
    </ClInclude>
    <ClInclude Include="source\framedata.h">
      <Filter>Header Files</Filter>
    </ClInclude>
    <ClInclude Include="source\buffer.h">
      <Filter>Header Files</Filter>
    </ClInclude>
    <ClInclude Include="external\tinygltf\tiny_gltf_v3.h">
      <Filter>Header Files</Filter>
    </ClInclude>
    <ClInclude Include="external\tinygltf\tinygltf_json_c.h">
      <Filter>Header Files</Filter>
    </ClInclude>
    <ClInclude Include="source\model.h">
      <Filter>Header Files</Filter>
    </ClInclude>
  </ItemGroup>
  <ItemGroup>
    <Text Include="CMakeLists.txt" />
  </ItemGroup>
</Project>